// !$*UTF8*$!
{
	archiveVersion = 1;
	classes = {
	};
	objectVersion = 50;
	objects = {

/* Begin PBXBuildFile section */
		13868BAB212CF5D200A12249 /* ShareWorkBaseViewController.m in Sources */ = {isa = PBXBuildFile; fileRef = 13868B9A212CF5D100A12249 /* ShareWorkBaseViewController.m */; };
		13868BAC212CF5D200A12249 /* ShareWorkBaseTableController.m in Sources */ = {isa = PBXBuildFile; fileRef = 13868B9B212CF5D100A12249 /* ShareWorkBaseTableController.m */; };
		13868BAD212CF5D200A12249 /* ShareWorkPickerView.xib in Resources */ = {isa = PBXBuildFile; fileRef = 13868BA2212CF5D200A12249 /* ShareWorkPickerView.xib */; };
		13868BAE212CF5D200A12249 /* ShareWorkSelectManager.m in Sources */ = {isa = PBXBuildFile; fileRef = 13868BA4212CF5D200A12249 /* ShareWorkSelectManager.m */; };
		13868BAF212CF5D200A12249 /* ShareWorkPickerView.m in Sources */ = {isa = PBXBuildFile; fileRef = 13868BA5212CF5D200A12249 /* ShareWorkPickerView.m */; };
		13868BB0212CF5D200A12249 /* ShareWork4DLabel.m in Sources */ = {isa = PBXBuildFile; fileRef = 13868BA8212CF5D200A12249 /* ShareWork4DLabel.m */; };
		13868BB1212CF5D200A12249 /* ShareWorkBaseTableView.m in Sources */ = {isa = PBXBuildFile; fileRef = 13868BA9212CF5D200A12249 /* ShareWorkBaseTableView.m */; };
		13868BB2212CF5D200A12249 /* ShareWorkCustomEmptyView.m in Sources */ = {isa = PBXBuildFile; fileRef = 13868BAA212CF5D200A12249 /* ShareWorkCustomEmptyView.m */; };
		13868BC3212CF5F000A12249 /* ShareWorkPickerImageManage.m in Sources */ = {isa = PBXBuildFile; fileRef = 13868BB3212CF5EE00A12249 /* ShareWorkPickerImageManage.m */; };
		13868BC4212CF5F000A12249 /* SPayDatePicker.m in Sources */ = {isa = PBXBuildFile; fileRef = 13868BB7212CF5EF00A12249 /* SPayDatePicker.m */; };
		13868BC5212CF5F000A12249 /* SWLocationManager.m in Sources */ = {isa = PBXBuildFile; fileRef = 13868BBB212CF5EF00A12249 /* SWLocationManager.m */; };
		13868BC6212CF5F000A12249 /* UIImage+ShareWork.m in Sources */ = {isa = PBXBuildFile; fileRef = 13868BBC212CF5EF00A12249 /* UIImage+ShareWork.m */; };
		13868BC7212CF5F000A12249 /* ShareWorkUserProfile.m in Sources */ = {isa = PBXBuildFile; fileRef = 13868BBE212CF5F000A12249 /* ShareWorkUserProfile.m */; };
		13868BC8212CF5F000A12249 /* ShareWorkCheckTool.m in Sources */ = {isa = PBXBuildFile; fileRef = 13868BBF212CF5F000A12249 /* ShareWorkCheckTool.m */; };
		13868BC9212CF5F000A12249 /* ShareWorkSelectLocationController.m in Sources */ = {isa = PBXBuildFile; fileRef = 13868BC0212CF5F000A12249 /* ShareWorkSelectLocationController.m */; };
		13868BCA212CF5F000A12249 /* SWAlertManager.m in Sources */ = {isa = PBXBuildFile; fileRef = 13868BC1212CF5F000A12249 /* SWAlertManager.m */; };
		13868BCD212CF5F600A12249 /* UUSearchTextFeild.m in Sources */ = {isa = PBXBuildFile; fileRef = 13868BCC212CF5F600A12249 /* UUSearchTextFeild.m */; };
		13868BDD212CF5FD00A12249 /* SWQRCodeCreatManager.m in Sources */ = {isa = PBXBuildFile; fileRef = 13868BD0212CF5FD00A12249 /* SWQRCodeCreatManager.m */; };
		13868BDE212CF5FD00A12249 /* QRToggleTorchButton.m in Sources */ = {isa = PBXBuildFile; fileRef = 13868BD3212CF5FD00A12249 /* QRToggleTorchButton.m */; };
		13868BDF212CF5FD00A12249 /* QRCameraSwitchButton.m in Sources */ = {isa = PBXBuildFile; fileRef = 13868BD5212CF5FD00A12249 /* QRCameraSwitchButton.m */; };
		13868BE0212CF5FD00A12249 /* QRCodeReaderViewController.m in Sources */ = {isa = PBXBuildFile; fileRef = 13868BD7212CF5FD00A12249 /* QRCodeReaderViewController.m */; };
		13868BE1212CF5FD00A12249 /* QRCodeReaderView.m in Sources */ = {isa = PBXBuildFile; fileRef = 13868BD8212CF5FD00A12249 /* QRCodeReaderView.m */; };
		13868BE2212CF5FD00A12249 /* QRCodeReader.m in Sources */ = {isa = PBXBuildFile; fileRef = 13868BDC212CF5FD00A12249 /* QRCodeReader.m */; };
		13868BFF212CF60A00A12249 /* LTSCalendarDayItem.m in Sources */ = {isa = PBXBuildFile; fileRef = 13868BE4212CF60A00A12249 /* LTSCalendarDayItem.m */; };
		13868C00212CF60A00A12249 /* LTSCalendarManager.m in Sources */ = {isa = PBXBuildFile; fileRef = 13868BE6212CF60A00A12249 /* LTSCalendarManager.m */; };
		13868C01212CF60A00A12249 /* LTSCircleView.m in Sources */ = {isa = PBXBuildFile; fileRef = 13868BE8212CF60A00A12249 /* LTSCircleView.m */; };
		13868C02212CF60A00A12249 /* LTSCalendarAppearance.m in Sources */ = {isa = PBXBuildFile; fileRef = 13868BE9212CF60A00A12249 /* LTSCalendarAppearance.m */; };
		13868C03212CF60A00A12249 /* LTSCalendarContentView.m in Sources */ = {isa = PBXBuildFile; fileRef = 13868BEC212CF60A00A12249 /* LTSCalendarContentView.m */; };
		13868C04212CF60A00A12249 /* LTSCalendarViewController.m in Sources */ = {isa = PBXBuildFile; fileRef = 13868BED212CF60A00A12249 /* LTSCalendarViewController.m */; };
		13868C05212CF60A00A12249 /* LTSCalendarCollectionCell.m in Sources */ = {isa = PBXBuildFile; fileRef = 13868BEE212CF60A00A12249 /* LTSCalendarCollectionCell.m */; };
		13868C06212CF60A00A12249 /* LTSCalendarScrollView.m in Sources */ = {isa = PBXBuildFile; fileRef = 13868BF2212CF60A00A12249 /* LTSCalendarScrollView.m */; };
		13868C07212CF60A00A12249 /* LTSCalendarCollectionViewFlowLayout.m in Sources */ = {isa = PBXBuildFile; fileRef = 13868BF5212CF60A00A12249 /* LTSCalendarCollectionViewFlowLayout.m */; };
		13868C08212CF60A00A12249 /* LTSCalendarWeekDayView.m in Sources */ = {isa = PBXBuildFile; fileRef = 13868BF6212CF60A00A12249 /* LTSCalendarWeekDayView.m */; };
		13868C09212CF60A00A12249 /* SWNetError.m in Sources */ = {isa = PBXBuildFile; fileRef = 13868BFB212CF60A00A12249 /* SWNetError.m */; };
		13868C0A212CF60A00A12249 /* SWNetManager.m in Sources */ = {isa = PBXBuildFile; fileRef = 13868BFD212CF60A00A12249 /* SWNetManager.m */; };
		13868C19212CF61500A12249 /* LLPhotoBrowser.m in Sources */ = {isa = PBXBuildFile; fileRef = 13868C0D212CF61400A12249 /* LLPhotoBrowser.m */; };
		13868C1A212CF61500A12249 /* LLImageCache.m in Sources */ = {isa = PBXBuildFile; fileRef = 13868C10212CF61400A12249 /* LLImageCache.m */; };
		13868C1B212CF61500A12249 /* LLFileManager.m in Sources */ = {isa = PBXBuildFile; fileRef = 13868C11212CF61400A12249 /* LLFileManager.m */; };
		13868C1C212CF61500A12249 /* LLPhoto.m in Sources */ = {isa = PBXBuildFile; fileRef = 13868C14212CF61400A12249 /* LLPhoto.m */; };
		13868C1D212CF61500A12249 /* LLCollectionViewCell.m in Sources */ = {isa = PBXBuildFile; fileRef = 13868C15212CF61400A12249 /* LLCollectionViewCell.m */; };
		13868C1E212CF61500A12249 /* JZLocationConverter.m in Sources */ = {isa = PBXBuildFile; fileRef = 13868C18212CF61400A12249 /* JZLocationConverter.m */; };
		13ACB8D7212C3C95000BDCD4 /* AppDelegate.m in Sources */ = {isa = PBXBuildFile; fileRef = 13ACB8D6212C3C95000BDCD4 /* AppDelegate.m */; };
		13ACB8DA212C3C95000BDCD4 /* ViewController.m in Sources */ = {isa = PBXBuildFile; fileRef = 13ACB8D9212C3C95000BDCD4 /* ViewController.m */; };
		13ACB8DD212C3C95000BDCD4 /* Main.storyboard in Resources */ = {isa = PBXBuildFile; fileRef = 13ACB8DB212C3C95000BDCD4 /* Main.storyboard */; };
		13ACB8DF212C3C98000BDCD4 /* Assets.xcassets in Resources */ = {isa = PBXBuildFile; fileRef = 13ACB8DE212C3C98000BDCD4 /* Assets.xcassets */; };
		13ACB8E2212C3C98000BDCD4 /* LaunchScreen.storyboard in Resources */ = {isa = PBXBuildFile; fileRef = 13ACB8E0212C3C98000BDCD4 /* LaunchScreen.storyboard */; };
		13ACB8E5212C3C98000BDCD4 /* main.m in Sources */ = {isa = PBXBuildFile; fileRef = 13ACB8E4212C3C98000BDCD4 /* main.m */; };
		13ACB8EF212C3C98000BDCD4 /* TanTanTests.m in Sources */ = {isa = PBXBuildFile; fileRef = 13ACB8EE212C3C98000BDCD4 /* TanTanTests.m */; };
		13ACB8FA212C3C98000BDCD4 /* TanTanUITests.m in Sources */ = {isa = PBXBuildFile; fileRef = 13ACB8F9212C3C98000BDCD4 /* TanTanUITests.m */; };
		13ACB90F212C3EF4000BDCD4 /* UIView+Utils.m in Sources */ = {isa = PBXBuildFile; fileRef = 13ACB90D212C3EF4000BDCD4 /* UIView+Utils.m */; };
		4962CEFDFE5D61B6A2EC5598 /* libPods-TanTan.a in Frameworks */ = {isa = PBXBuildFile; fileRef = 6C0B895A2F694B938FEA74FE /* libPods-TanTan.a */; };
/* End PBXBuildFile section */

/* Begin PBXContainerItemProxy section */
		13ACB8EB212C3C98000BDCD4 /* PBXContainerItemProxy */ = {
			isa = PBXContainerItemProxy;
			containerPortal = 13ACB8CA212C3C95000BDCD4 /* Project object */;
			proxyType = 1;
			remoteGlobalIDString = 13ACB8D1212C3C95000BDCD4;
			remoteInfo = TanTan;
		};
		13ACB8F6212C3C98000BDCD4 /* PBXContainerItemProxy */ = {
			isa = PBXContainerItemProxy;
			containerPortal = 13ACB8CA212C3C95000BDCD4 /* Project object */;
			proxyType = 1;
			remoteGlobalIDString = 13ACB8D1212C3C95000BDCD4;
			remoteInfo = TanTan;
		};
/* End PBXContainerItemProxy section */

/* Begin PBXFileReference section */
		0D1922EDF20D550CB4534406 /* Pods-TanTan.debug.xcconfig */ = {isa = PBXFileReference; includeInIndex = 1; lastKnownFileType = text.xcconfig; name = "Pods-TanTan.debug.xcconfig"; path = "Pods/Target Support Files/Pods-TanTan/Pods-TanTan.debug.xcconfig"; sourceTree = "<group>"; };
		13868B9A212CF5D100A12249 /* ShareWorkBaseViewController.m */ = {isa = PBXFileReference; fileEncoding = 4; lastKnownFileType = sourcecode.c.objc; path = ShareWorkBaseViewController.m; sourceTree = "<group>"; };
		13868B9B212CF5D100A12249 /* ShareWorkBaseTableController.m */ = {isa = PBXFileReference; fileEncoding = 4; lastKnownFileType = sourcecode.c.objc; path = ShareWorkBaseTableController.m; sourceTree = "<group>"; };
		13868B9C212CF5D100A12249 /* ShareWorkBaseViewController.h */ = {isa = PBXFileReference; fileEncoding = 4; lastKnownFileType = sourcecode.c.h; path = ShareWorkBaseViewController.h; sourceTree = "<group>"; };
		13868B9D212CF5D100A12249 /* ShareWorkBaseTableController.h */ = {isa = PBXFileReference; fileEncoding = 4; lastKnownFileType = sourcecode.c.h; path = ShareWorkBaseTableController.h; sourceTree = "<group>"; };
		13868B9F212CF5D200A12249 /* ShareWork4DLabel.h */ = {isa = PBXFileReference; fileEncoding = 4; lastKnownFileType = sourcecode.c.h; path = ShareWork4DLabel.h; sourceTree = "<group>"; };
		13868BA1212CF5D200A12249 /* ShareWorkSelectManager.h */ = {isa = PBXFileReference; fileEncoding = 4; lastKnownFileType = sourcecode.c.h; path = ShareWorkSelectManager.h; sourceTree = "<group>"; };
		13868BA2212CF5D200A12249 /* ShareWorkPickerView.xib */ = {isa = PBXFileReference; fileEncoding = 4; lastKnownFileType = file.xib; path = ShareWorkPickerView.xib; sourceTree = "<group>"; };
		13868BA3212CF5D200A12249 /* ShareWorkPickerView.h */ = {isa = PBXFileReference; fileEncoding = 4; lastKnownFileType = sourcecode.c.h; path = ShareWorkPickerView.h; sourceTree = "<group>"; };
		13868BA4212CF5D200A12249 /* ShareWorkSelectManager.m */ = {isa = PBXFileReference; fileEncoding = 4; lastKnownFileType = sourcecode.c.objc; path = ShareWorkSelectManager.m; sourceTree = "<group>"; };
		13868BA5212CF5D200A12249 /* ShareWorkPickerView.m */ = {isa = PBXFileReference; fileEncoding = 4; lastKnownFileType = sourcecode.c.objc; path = ShareWorkPickerView.m; sourceTree = "<group>"; };
		13868BA6212CF5D200A12249 /* ShareWorkBaseTableView.h */ = {isa = PBXFileReference; fileEncoding = 4; lastKnownFileType = sourcecode.c.h; path = ShareWorkBaseTableView.h; sourceTree = "<group>"; };
		13868BA7212CF5D200A12249 /* ShareWorkCustomEmptyView.h */ = {isa = PBXFileReference; fileEncoding = 4; lastKnownFileType = sourcecode.c.h; path = ShareWorkCustomEmptyView.h; sourceTree = "<group>"; };
		13868BA8212CF5D200A12249 /* ShareWork4DLabel.m */ = {isa = PBXFileReference; fileEncoding = 4; lastKnownFileType = sourcecode.c.objc; path = ShareWork4DLabel.m; sourceTree = "<group>"; };
		13868BA9212CF5D200A12249 /* ShareWorkBaseTableView.m */ = {isa = PBXFileReference; fileEncoding = 4; lastKnownFileType = sourcecode.c.objc; path = ShareWorkBaseTableView.m; sourceTree = "<group>"; };
		13868BAA212CF5D200A12249 /* ShareWorkCustomEmptyView.m */ = {isa = PBXFileReference; fileEncoding = 4; lastKnownFileType = sourcecode.c.objc; path = ShareWorkCustomEmptyView.m; sourceTree = "<group>"; };
		13868BB3212CF5EE00A12249 /* ShareWorkPickerImageManage.m */ = {isa = PBXFileReference; fileEncoding = 4; lastKnownFileType = sourcecode.c.objc; path = ShareWorkPickerImageManage.m; sourceTree = "<group>"; };
		13868BB4212CF5EE00A12249 /* ShareWorkUserProfile.h */ = {isa = PBXFileReference; fileEncoding = 4; lastKnownFileType = sourcecode.c.h; path = ShareWorkUserProfile.h; sourceTree = "<group>"; };
		13868BB5212CF5EF00A12249 /* UIImage+ShareWork.h */ = {isa = PBXFileReference; fileEncoding = 4; lastKnownFileType = sourcecode.c.h; path = "UIImage+ShareWork.h"; sourceTree = "<group>"; };
		13868BB6212CF5EF00A12249 /* ShareWorkPickerImageManage.h */ = {isa = PBXFileReference; fileEncoding = 4; lastKnownFileType = sourcecode.c.h; path = ShareWorkPickerImageManage.h; sourceTree = "<group>"; };
		13868BB7212CF5EF00A12249 /* SPayDatePicker.m */ = {isa = PBXFileReference; fileEncoding = 4; lastKnownFileType = sourcecode.c.objc; path = SPayDatePicker.m; sourceTree = "<group>"; };
		13868BB8212CF5EF00A12249 /* ShareWorkCheckTool.h */ = {isa = PBXFileReference; fileEncoding = 4; lastKnownFileType = sourcecode.c.h; path = ShareWorkCheckTool.h; sourceTree = "<group>"; };
		13868BB9212CF5EF00A12249 /* SWLocationManager.h */ = {isa = PBXFileReference; fileEncoding = 4; lastKnownFileType = sourcecode.c.h; path = SWLocationManager.h; sourceTree = "<group>"; };
		13868BBA212CF5EF00A12249 /* SPayDatePicker.h */ = {isa = PBXFileReference; fileEncoding = 4; lastKnownFileType = sourcecode.c.h; path = SPayDatePicker.h; sourceTree = "<group>"; };
		13868BBB212CF5EF00A12249 /* SWLocationManager.m */ = {isa = PBXFileReference; fileEncoding = 4; lastKnownFileType = sourcecode.c.objc; path = SWLocationManager.m; sourceTree = "<group>"; };
		13868BBC212CF5EF00A12249 /* UIImage+ShareWork.m */ = {isa = PBXFileReference; fileEncoding = 4; lastKnownFileType = sourcecode.c.objc; path = "UIImage+ShareWork.m"; sourceTree = "<group>"; };
		13868BBD212CF5F000A12249 /* ShareWorkSelectLocationController.h */ = {isa = PBXFileReference; fileEncoding = 4; lastKnownFileType = sourcecode.c.h; path = ShareWorkSelectLocationController.h; sourceTree = "<group>"; };
		13868BBE212CF5F000A12249 /* ShareWorkUserProfile.m */ = {isa = PBXFileReference; fileEncoding = 4; lastKnownFileType = sourcecode.c.objc; path = ShareWorkUserProfile.m; sourceTree = "<group>"; };
		13868BBF212CF5F000A12249 /* ShareWorkCheckTool.m */ = {isa = PBXFileReference; fileEncoding = 4; lastKnownFileType = sourcecode.c.objc; path = ShareWorkCheckTool.m; sourceTree = "<group>"; };
		13868BC0212CF5F000A12249 /* ShareWorkSelectLocationController.m */ = {isa = PBXFileReference; fileEncoding = 4; lastKnownFileType = sourcecode.c.objc; path = ShareWorkSelectLocationController.m; sourceTree = "<group>"; };
		13868BC1212CF5F000A12249 /* SWAlertManager.m */ = {isa = PBXFileReference; fileEncoding = 4; lastKnownFileType = sourcecode.c.objc; path = SWAlertManager.m; sourceTree = "<group>"; };
		13868BC2212CF5F000A12249 /* SWAlertManager.h */ = {isa = PBXFileReference; fileEncoding = 4; lastKnownFileType = sourcecode.c.h; path = SWAlertManager.h; sourceTree = "<group>"; };
		13868BCB212CF5F600A12249 /* UUSearchTextFeild.h */ = {isa = PBXFileReference; fileEncoding = 4; lastKnownFileType = sourcecode.c.h; path = UUSearchTextFeild.h; sourceTree = "<group>"; };
		13868BCC212CF5F600A12249 /* UUSearchTextFeild.m */ = {isa = PBXFileReference; fileEncoding = 4; lastKnownFileType = sourcecode.c.objc; path = UUSearchTextFeild.m; sourceTree = "<group>"; };
		13868BCF212CF5FD00A12249 /* SWQRCodeCreatManager.h */ = {isa = PBXFileReference; fileEncoding = 4; lastKnownFileType = sourcecode.c.h; path = SWQRCodeCreatManager.h; sourceTree = "<group>"; };
		13868BD0212CF5FD00A12249 /* SWQRCodeCreatManager.m */ = {isa = PBXFileReference; fileEncoding = 4; lastKnownFileType = sourcecode.c.objc; path = SWQRCodeCreatManager.m; sourceTree = "<group>"; };
		13868BD2212CF5FD00A12249 /* QRCodeReaderView.h */ = {isa = PBXFileReference; fileEncoding = 4; lastKnownFileType = sourcecode.c.h; path = QRCodeReaderView.h; sourceTree = "<group>"; };
		13868BD3212CF5FD00A12249 /* QRToggleTorchButton.m */ = {isa = PBXFileReference; fileEncoding = 4; lastKnownFileType = sourcecode.c.objc; path = QRToggleTorchButton.m; sourceTree = "<group>"; };
		13868BD4212CF5FD00A12249 /* QRCodeReaderDelegate.h */ = {isa = PBXFileReference; fileEncoding = 4; lastKnownFileType = sourcecode.c.h; path = QRCodeReaderDelegate.h; sourceTree = "<group>"; };
		13868BD5212CF5FD00A12249 /* QRCameraSwitchButton.m */ = {isa = PBXFileReference; fileEncoding = 4; lastKnownFileType = sourcecode.c.objc; path = QRCameraSwitchButton.m; sourceTree = "<group>"; };
		13868BD6212CF5FD00A12249 /* QRCodeReader.h */ = {isa = PBXFileReference; fileEncoding = 4; lastKnownFileType = sourcecode.c.h; path = QRCodeReader.h; sourceTree = "<group>"; };
		13868BD7212CF5FD00A12249 /* QRCodeReaderViewController.m */ = {isa = PBXFileReference; fileEncoding = 4; lastKnownFileType = sourcecode.c.objc; path = QRCodeReaderViewController.m; sourceTree = "<group>"; };
		13868BD8212CF5FD00A12249 /* QRCodeReaderView.m */ = {isa = PBXFileReference; fileEncoding = 4; lastKnownFileType = sourcecode.c.objc; path = QRCodeReaderView.m; sourceTree = "<group>"; };
		13868BD9212CF5FD00A12249 /* QRToggleTorchButton.h */ = {isa = PBXFileReference; fileEncoding = 4; lastKnownFileType = sourcecode.c.h; path = QRToggleTorchButton.h; sourceTree = "<group>"; };
		13868BDA212CF5FD00A12249 /* QRCameraSwitchButton.h */ = {isa = PBXFileReference; fileEncoding = 4; lastKnownFileType = sourcecode.c.h; path = QRCameraSwitchButton.h; sourceTree = "<group>"; };
		13868BDB212CF5FD00A12249 /* QRCodeReaderViewController.h */ = {isa = PBXFileReference; fileEncoding = 4; lastKnownFileType = sourcecode.c.h; path = QRCodeReaderViewController.h; sourceTree = "<group>"; };
		13868BDC212CF5FD00A12249 /* QRCodeReader.m */ = {isa = PBXFileReference; fileEncoding = 4; lastKnownFileType = sourcecode.c.objc; path = QRCodeReader.m; sourceTree = "<group>"; };
		13868BE4212CF60A00A12249 /* LTSCalendarDayItem.m */ = {isa = PBXFileReference; fileEncoding = 4; lastKnownFileType = sourcecode.c.objc; path = LTSCalendarDayItem.m; sourceTree = "<group>"; };
		13868BE5212CF60A00A12249 /* LTSCalendarCollectionCell.h */ = {isa = PBXFileReference; fileEncoding = 4; lastKnownFileType = sourcecode.c.h; path = LTSCalendarCollectionCell.h; sourceTree = "<group>"; };
		13868BE6212CF60A00A12249 /* LTSCalendarManager.m */ = {isa = PBXFileReference; fileEncoding = 4; lastKnownFileType = sourcecode.c.objc; path = LTSCalendarManager.m; sourceTree = "<group>"; };
		13868BE7212CF60A00A12249 /* LTSCalendarScrollView.h */ = {isa = PBXFileReference; fileEncoding = 4; lastKnownFileType = sourcecode.c.h; path = LTSCalendarScrollView.h; sourceTree = "<group>"; };
		13868BE8212CF60A00A12249 /* LTSCircleView.m */ = {isa = PBXFileReference; fileEncoding = 4; lastKnownFileType = sourcecode.c.objc; path = LTSCircleView.m; sourceTree = "<group>"; };
		13868BE9212CF60A00A12249 /* LTSCalendarAppearance.m */ = {isa = PBXFileReference; fileEncoding = 4; lastKnownFileType = sourcecode.c.objc; path = LTSCalendarAppearance.m; sourceTree = "<group>"; };
		13868BEA212CF60A00A12249 /* LTSCalendarWeekDayView.h */ = {isa = PBXFileReference; fileEncoding = 4; lastKnownFileType = sourcecode.c.h; path = LTSCalendarWeekDayView.h; sourceTree = "<group>"; };
		13868BEB212CF60A00A12249 /* LTSCalendarCollectionViewFlowLayout.h */ = {isa = PBXFileReference; fileEncoding = 4; lastKnownFileType = sourcecode.c.h; path = LTSCalendarCollectionViewFlowLayout.h; sourceTree = "<group>"; };
		13868BEC212CF60A00A12249 /* LTSCalendarContentView.m */ = {isa = PBXFileReference; fileEncoding = 4; lastKnownFileType = sourcecode.c.objc; path = LTSCalendarContentView.m; sourceTree = "<group>"; };
		13868BED212CF60A00A12249 /* LTSCalendarViewController.m */ = {isa = PBXFileReference; fileEncoding = 4; lastKnownFileType = sourcecode.c.objc; path = LTSCalendarViewController.m; sourceTree = "<group>"; };
		13868BEE212CF60A00A12249 /* LTSCalendarCollectionCell.m */ = {isa = PBXFileReference; fileEncoding = 4; lastKnownFileType = sourcecode.c.objc; path = LTSCalendarCollectionCell.m; sourceTree = "<group>"; };
		13868BEF212CF60A00A12249 /* LTSCalendarDayItem.h */ = {isa = PBXFileReference; fileEncoding = 4; lastKnownFileType = sourcecode.c.h; path = LTSCalendarDayItem.h; sourceTree = "<group>"; };
		13868BF0212CF60A00A12249 /* LTSCalendarAppearance.h */ = {isa = PBXFileReference; fileEncoding = 4; lastKnownFileType = sourcecode.c.h; path = LTSCalendarAppearance.h; sourceTree = "<group>"; };
		13868BF1212CF60A00A12249 /* LTSCircleView.h */ = {isa = PBXFileReference; fileEncoding = 4; lastKnownFileType = sourcecode.c.h; path = LTSCircleView.h; sourceTree = "<group>"; };
		13868BF2212CF60A00A12249 /* LTSCalendarScrollView.m */ = {isa = PBXFileReference; fileEncoding = 4; lastKnownFileType = sourcecode.c.objc; path = LTSCalendarScrollView.m; sourceTree = "<group>"; };
		13868BF3212CF60A00A12249 /* LTSCalendarManager.h */ = {isa = PBXFileReference; fileEncoding = 4; lastKnownFileType = sourcecode.c.h; path = LTSCalendarManager.h; sourceTree = "<group>"; };
		13868BF4212CF60A00A12249 /* LTSCalendarContentView.h */ = {isa = PBXFileReference; fileEncoding = 4; lastKnownFileType = sourcecode.c.h; path = LTSCalendarContentView.h; sourceTree = "<group>"; };
		13868BF5212CF60A00A12249 /* LTSCalendarCollectionViewFlowLayout.m */ = {isa = PBXFileReference; fileEncoding = 4; lastKnownFileType = sourcecode.c.objc; path = LTSCalendarCollectionViewFlowLayout.m; sourceTree = "<group>"; };
		13868BF6212CF60A00A12249 /* LTSCalendarWeekDayView.m */ = {isa = PBXFileReference; fileEncoding = 4; lastKnownFileType = sourcecode.c.objc; path = LTSCalendarWeekDayView.m; sourceTree = "<group>"; };
		13868BF7212CF60A00A12249 /* LTSCalendarViewController.h */ = {isa = PBXFileReference; fileEncoding = 4; lastKnownFileType = sourcecode.c.h; path = LTSCalendarViewController.h; sourceTree = "<group>"; };
		13868BF8212CF60A00A12249 /* LTSCalendarEventSource.h */ = {isa = PBXFileReference; fileEncoding = 4; lastKnownFileType = sourcecode.c.h; path = LTSCalendarEventSource.h; sourceTree = "<group>"; };
		13868BFA212CF60A00A12249 /* ShareWorkApi.h */ = {isa = PBXFileReference; fileEncoding = 4; lastKnownFileType = sourcecode.c.h; path = ShareWorkApi.h; sourceTree = "<group>"; };
		13868BFB212CF60A00A12249 /* SWNetError.m */ = {isa = PBXFileReference; fileEncoding = 4; lastKnownFileType = sourcecode.c.objc; path = SWNetError.m; sourceTree = "<group>"; };
		13868BFC212CF60A00A12249 /* SWNetManager.h */ = {isa = PBXFileReference; fileEncoding = 4; lastKnownFileType = sourcecode.c.h; path = SWNetManager.h; sourceTree = "<group>"; };
		13868BFD212CF60A00A12249 /* SWNetManager.m */ = {isa = PBXFileReference; fileEncoding = 4; lastKnownFileType = sourcecode.c.objc; path = SWNetManager.m; sourceTree = "<group>"; };
		13868BFE212CF60A00A12249 /* SWNetError.h */ = {isa = PBXFileReference; fileEncoding = 4; lastKnownFileType = sourcecode.c.h; path = SWNetError.h; sourceTree = "<group>"; };
		13868C0B212CF61400A12249 /* JZLocationConverter.h */ = {isa = PBXFileReference; fileEncoding = 4; lastKnownFileType = sourcecode.c.h; path = JZLocationConverter.h; sourceTree = "<group>"; };
		13868C0D212CF61400A12249 /* LLPhotoBrowser.m */ = {isa = PBXFileReference; fileEncoding = 4; lastKnownFileType = sourcecode.c.objc; path = LLPhotoBrowser.m; sourceTree = "<group>"; };
		13868C0E212CF61400A12249 /* LLCollectionViewCell.h */ = {isa = PBXFileReference; fileEncoding = 4; lastKnownFileType = sourcecode.c.h; path = LLCollectionViewCell.h; sourceTree = "<group>"; };
		13868C10212CF61400A12249 /* LLImageCache.m */ = {isa = PBXFileReference; fileEncoding = 4; lastKnownFileType = sourcecode.c.objc; path = LLImageCache.m; sourceTree = "<group>"; };
		13868C11212CF61400A12249 /* LLFileManager.m */ = {isa = PBXFileReference; fileEncoding = 4; lastKnownFileType = sourcecode.c.objc; path = LLFileManager.m; sourceTree = "<group>"; };
		13868C12212CF61400A12249 /* LLImageCache.h */ = {isa = PBXFileReference; fileEncoding = 4; lastKnownFileType = sourcecode.c.h; path = LLImageCache.h; sourceTree = "<group>"; };
		13868C13212CF61400A12249 /* LLFileManager.h */ = {isa = PBXFileReference; fileEncoding = 4; lastKnownFileType = sourcecode.c.h; path = LLFileManager.h; sourceTree = "<group>"; };
		13868C14212CF61400A12249 /* LLPhoto.m */ = {isa = PBXFileReference; fileEncoding = 4; lastKnownFileType = sourcecode.c.objc; path = LLPhoto.m; sourceTree = "<group>"; };
		13868C15212CF61400A12249 /* LLCollectionViewCell.m */ = {isa = PBXFileReference; fileEncoding = 4; lastKnownFileType = sourcecode.c.objc; path = LLCollectionViewCell.m; sourceTree = "<group>"; };
		13868C16212CF61400A12249 /* LLPhotoBrowser.h */ = {isa = PBXFileReference; fileEncoding = 4; lastKnownFileType = sourcecode.c.h; path = LLPhotoBrowser.h; sourceTree = "<group>"; };
		13868C17212CF61400A12249 /* LLPhoto.h */ = {isa = PBXFileReference; fileEncoding = 4; lastKnownFileType = sourcecode.c.h; path = LLPhoto.h; sourceTree = "<group>"; };
		13868C18212CF61400A12249 /* JZLocationConverter.m */ = {isa = PBXFileReference; fileEncoding = 4; lastKnownFileType = sourcecode.c.objc; path = JZLocationConverter.m; sourceTree = "<group>"; };
		13ACB8D2212C3C95000BDCD4 /* TanTan.app */ = {isa = PBXFileReference; explicitFileType = wrapper.application; includeInIndex = 0; path = TanTan.app; sourceTree = BUILT_PRODUCTS_DIR; };
		13ACB8D5212C3C95000BDCD4 /* AppDelegate.h */ = {isa = PBXFileReference; lastKnownFileType = sourcecode.c.h; path = AppDelegate.h; sourceTree = "<group>"; };
		13ACB8D6212C3C95000BDCD4 /* AppDelegate.m */ = {isa = PBXFileReference; lastKnownFileType = sourcecode.c.objc; path = AppDelegate.m; sourceTree = "<group>"; };
		13ACB8D8212C3C95000BDCD4 /* ViewController.h */ = {isa = PBXFileReference; lastKnownFileType = sourcecode.c.h; path = ViewController.h; sourceTree = "<group>"; };
		13ACB8D9212C3C95000BDCD4 /* ViewController.m */ = {isa = PBXFileReference; lastKnownFileType = sourcecode.c.objc; path = ViewController.m; sourceTree = "<group>"; };
		13ACB8DC212C3C95000BDCD4 /* Base */ = {isa = PBXFileReference; lastKnownFileType = file.storyboard; name = Base; path = Base.lproj/Main.storyboard; sourceTree = "<group>"; };
		13ACB8DE212C3C98000BDCD4 /* Assets.xcassets */ = {isa = PBXFileReference; lastKnownFileType = folder.assetcatalog; path = Assets.xcassets; sourceTree = "<group>"; };
		13ACB8E1212C3C98000BDCD4 /* Base */ = {isa = PBXFileReference; lastKnownFileType = file.storyboard; name = Base; path = Base.lproj/LaunchScreen.storyboard; sourceTree = "<group>"; };
		13ACB8E3212C3C98000BDCD4 /* Info.plist */ = {isa = PBXFileReference; lastKnownFileType = text.plist.xml; path = Info.plist; sourceTree = "<group>"; };
		13ACB8E4212C3C98000BDCD4 /* main.m */ = {isa = PBXFileReference; lastKnownFileType = sourcecode.c.objc; path = main.m; sourceTree = "<group>"; };
		13ACB8EA212C3C98000BDCD4 /* TanTanTests.xctest */ = {isa = PBXFileReference; explicitFileType = wrapper.cfbundle; includeInIndex = 0; path = TanTanTests.xctest; sourceTree = BUILT_PRODUCTS_DIR; };
		13ACB8EE212C3C98000BDCD4 /* TanTanTests.m */ = {isa = PBXFileReference; lastKnownFileType = sourcecode.c.objc; path = TanTanTests.m; sourceTree = "<group>"; };
		13ACB8F0212C3C98000BDCD4 /* Info.plist */ = {isa = PBXFileReference; lastKnownFileType = text.plist.xml; path = Info.plist; sourceTree = "<group>"; };
		13ACB8F5212C3C98000BDCD4 /* TanTanUITests.xctest */ = {isa = PBXFileReference; explicitFileType = wrapper.cfbundle; includeInIndex = 0; path = TanTanUITests.xctest; sourceTree = BUILT_PRODUCTS_DIR; };
		13ACB8F9212C3C98000BDCD4 /* TanTanUITests.m */ = {isa = PBXFileReference; lastKnownFileType = sourcecode.c.objc; path = TanTanUITests.m; sourceTree = "<group>"; };
		13ACB8FB212C3C98000BDCD4 /* Info.plist */ = {isa = PBXFileReference; lastKnownFileType = text.plist.xml; path = Info.plist; sourceTree = "<group>"; };
		13ACB90D212C3EF4000BDCD4 /* UIView+Utils.m */ = {isa = PBXFileReference; fileEncoding = 4; lastKnownFileType = sourcecode.c.objc; path = "UIView+Utils.m"; sourceTree = "<group>"; };
		13ACB90E212C3EF4000BDCD4 /* UIView+Utils.h */ = {isa = PBXFileReference; fileEncoding = 4; lastKnownFileType = sourcecode.c.h; path = "UIView+Utils.h"; sourceTree = "<group>"; };
		13ACB910212C3F24000BDCD4 /* TantanPrefixHeader.pch */ = {isa = PBXFileReference; lastKnownFileType = sourcecode.c.h; path = TantanPrefixHeader.pch; sourceTree = "<group>"; };
		6C0B895A2F694B938FEA74FE /* libPods-TanTan.a */ = {isa = PBXFileReference; explicitFileType = archive.ar; includeInIndex = 0; path = "libPods-TanTan.a"; sourceTree = BUILT_PRODUCTS_DIR; };
		E315B40847FD7C03123E96D6 /* Pods-TanTan.release.xcconfig */ = {isa = PBXFileReference; includeInIndex = 1; lastKnownFileType = text.xcconfig; name = "Pods-TanTan.release.xcconfig"; path = "Pods/Target Support Files/Pods-TanTan/Pods-TanTan.release.xcconfig"; sourceTree = "<group>"; };
/* End PBXFileReference section */

/* Begin PBXFrameworksBuildPhase section */
		13ACB8CF212C3C95000BDCD4 /* Frameworks */ = {
			isa = PBXFrameworksBuildPhase;
			buildActionMask = 2147483647;
			files = (
				4962CEFDFE5D61B6A2EC5598 /* libPods-TanTan.a in Frameworks */,
			);
			runOnlyForDeploymentPostprocessing = 0;
		};
		13ACB8E7212C3C98000BDCD4 /* Frameworks */ = {
			isa = PBXFrameworksBuildPhase;
			buildActionMask = 2147483647;
			files = (
			);
			runOnlyForDeploymentPostprocessing = 0;
		};
		13ACB8F2212C3C98000BDCD4 /* Frameworks */ = {
			isa = PBXFrameworksBuildPhase;
			buildActionMask = 2147483647;
			files = (
			);
			runOnlyForDeploymentPostprocessing = 0;
		};
/* End PBXFrameworksBuildPhase section */

/* Begin PBXGroup section */
		13868B99212CF5D100A12249 /* Controller */ = {
			isa = PBXGroup;
			children = (
				13868B9A212CF5D100A12249 /* ShareWorkBaseViewController.m */,
				13868B9B212CF5D100A12249 /* ShareWorkBaseTableController.m */,
				13868B9C212CF5D100A12249 /* ShareWorkBaseViewController.h */,
				13868B9D212CF5D100A12249 /* ShareWorkBaseTableController.h */,
			);
			path = Controller;
			sourceTree = "<group>";
		};
		13868B9E212CF5D200A12249 /* View */ = {
			isa = PBXGroup;
			children = (
				13868B9F212CF5D200A12249 /* ShareWork4DLabel.h */,
				13868BA0212CF5D200A12249 /* Picker */,
				13868BA6212CF5D200A12249 /* ShareWorkBaseTableView.h */,
				13868BA7212CF5D200A12249 /* ShareWorkCustomEmptyView.h */,
				13868BA8212CF5D200A12249 /* ShareWork4DLabel.m */,
				13868BA9212CF5D200A12249 /* ShareWorkBaseTableView.m */,
				13868BAA212CF5D200A12249 /* ShareWorkCustomEmptyView.m */,
			);
			path = View;
			sourceTree = "<group>";
		};
		13868BA0212CF5D200A12249 /* Picker */ = {
			isa = PBXGroup;
			children = (
				13868BA1212CF5D200A12249 /* ShareWorkSelectManager.h */,
				13868BA2212CF5D200A12249 /* ShareWorkPickerView.xib */,
				13868BA3212CF5D200A12249 /* ShareWorkPickerView.h */,
				13868BA4212CF5D200A12249 /* ShareWorkSelectManager.m */,
				13868BA5212CF5D200A12249 /* ShareWorkPickerView.m */,
			);
			path = Picker;
			sourceTree = "<group>";
		};
		13868BCE212CF5FD00A12249 /* QRCodeCreat */ = {
			isa = PBXGroup;
			children = (
				13868BCF212CF5FD00A12249 /* SWQRCodeCreatManager.h */,
				13868BD0212CF5FD00A12249 /* SWQRCodeCreatManager.m */,
			);
			path = QRCodeCreat;
			sourceTree = "<group>";
		};
		13868BD1212CF5FD00A12249 /* QRCodeReaderViewController */ = {
			isa = PBXGroup;
			children = (
				13868BD2212CF5FD00A12249 /* QRCodeReaderView.h */,
				13868BD3212CF5FD00A12249 /* QRToggleTorchButton.m */,
				13868BD4212CF5FD00A12249 /* QRCodeReaderDelegate.h */,
				13868BD5212CF5FD00A12249 /* QRCameraSwitchButton.m */,
				13868BD6212CF5FD00A12249 /* QRCodeReader.h */,
				13868BD7212CF5FD00A12249 /* QRCodeReaderViewController.m */,
				13868BD8212CF5FD00A12249 /* QRCodeReaderView.m */,
				13868BD9212CF5FD00A12249 /* QRToggleTorchButton.h */,
				13868BDA212CF5FD00A12249 /* QRCameraSwitchButton.h */,
				13868BDB212CF5FD00A12249 /* QRCodeReaderViewController.h */,
				13868BDC212CF5FD00A12249 /* QRCodeReader.m */,
			);
			path = QRCodeReaderViewController;
			sourceTree = "<group>";
		};
		13868BE3212CF60A00A12249 /* LTSCalendar */ = {
			isa = PBXGroup;
			children = (
				13868BE4212CF60A00A12249 /* LTSCalendarDayItem.m */,
				13868BE5212CF60A00A12249 /* LTSCalendarCollectionCell.h */,
				13868BE6212CF60A00A12249 /* LTSCalendarManager.m */,
				13868BE7212CF60A00A12249 /* LTSCalendarScrollView.h */,
				13868BE8212CF60A00A12249 /* LTSCircleView.m */,
				13868BE9212CF60A00A12249 /* LTSCalendarAppearance.m */,
				13868BEA212CF60A00A12249 /* LTSCalendarWeekDayView.h */,
				13868BEB212CF60A00A12249 /* LTSCalendarCollectionViewFlowLayout.h */,
				13868BEC212CF60A00A12249 /* LTSCalendarContentView.m */,
				13868BED212CF60A00A12249 /* LTSCalendarViewController.m */,
				13868BEE212CF60A00A12249 /* LTSCalendarCollectionCell.m */,
				13868BEF212CF60A00A12249 /* LTSCalendarDayItem.h */,
				13868BF0212CF60A00A12249 /* LTSCalendarAppearance.h */,
				13868BF1212CF60A00A12249 /* LTSCircleView.h */,
				13868BF2212CF60A00A12249 /* LTSCalendarScrollView.m */,
				13868BF3212CF60A00A12249 /* LTSCalendarManager.h */,
				13868BF4212CF60A00A12249 /* LTSCalendarContentView.h */,
				13868BF5212CF60A00A12249 /* LTSCalendarCollectionViewFlowLayout.m */,
				13868BF6212CF60A00A12249 /* LTSCalendarWeekDayView.m */,
				13868BF7212CF60A00A12249 /* LTSCalendarViewController.h */,
				13868BF8212CF60A00A12249 /* LTSCalendarEventSource.h */,
			);
			path = LTSCalendar;
			sourceTree = "<group>";
		};
		13868BF9212CF60A00A12249 /* Net */ = {
			isa = PBXGroup;
			children = (
				13868BFA212CF60A00A12249 /* ShareWorkApi.h */,
				13868BFB212CF60A00A12249 /* SWNetError.m */,
				13868BFC212CF60A00A12249 /* SWNetManager.h */,
				13868BFD212CF60A00A12249 /* SWNetManager.m */,
				13868BFE212CF60A00A12249 /* SWNetError.h */,
			);
			path = Net;
			sourceTree = "<group>";
		};
		13868C0C212CF61400A12249 /* imagescan */ = {
			isa = PBXGroup;
			children = (
				13868C0D212CF61400A12249 /* LLPhotoBrowser.m */,
				13868C0E212CF61400A12249 /* LLCollectionViewCell.h */,
				13868C0F212CF61400A12249 /* LLClasses */,
				13868C14212CF61400A12249 /* LLPhoto.m */,
				13868C15212CF61400A12249 /* LLCollectionViewCell.m */,
				13868C16212CF61400A12249 /* LLPhotoBrowser.h */,
				13868C17212CF61400A12249 /* LLPhoto.h */,
			);
			path = imagescan;
			sourceTree = "<group>";
		};
		13868C0F212CF61400A12249 /* LLClasses */ = {
			isa = PBXGroup;
			children = (
				13868C10212CF61400A12249 /* LLImageCache.m */,
				13868C11212CF61400A12249 /* LLFileManager.m */,
				13868C12212CF61400A12249 /* LLImageCache.h */,
				13868C13212CF61400A12249 /* LLFileManager.h */,
			);
			path = LLClasses;
			sourceTree = "<group>";
		};
		13ACB8C9212C3C95000BDCD4 = {
			isa = PBXGroup;
			children = (
				13ACB8D4212C3C95000BDCD4 /* TanTan */,
				13ACB8ED212C3C98000BDCD4 /* TanTanTests */,
				13ACB8F8212C3C98000BDCD4 /* TanTanUITests */,
				13ACB8D3212C3C95000BDCD4 /* Products */,
				77746A1DE85612DF6D950AA7 /* Pods */,
				EB6C1068CAB01A2847C9A19B /* Frameworks */,
			);
			sourceTree = "<group>";
		};
		13ACB8D3212C3C95000BDCD4 /* Products */ = {
			isa = PBXGroup;
			children = (
				13ACB8D2212C3C95000BDCD4 /* TanTan.app */,
				13ACB8EA212C3C98000BDCD4 /* TanTanTests.xctest */,
				13ACB8F5212C3C98000BDCD4 /* TanTanUITests.xctest */,
			);
			name = Products;
			sourceTree = "<group>";
		};
		13ACB8D4212C3C95000BDCD4 /* TanTan */ = {
			isa = PBXGroup;
			children = (
				13ACB908212C3CA6000BDCD4 /* Base */,
				13ACB907212C3C9E000BDCD4 /* Tools */,
				13ACB909212C3CD9000BDCD4 /* Main */,
				13ACB8D5212C3C95000BDCD4 /* AppDelegate.h */,
				13ACB8D6212C3C95000BDCD4 /* AppDelegate.m */,
				13ACB8D8212C3C95000BDCD4 /* ViewController.h */,
				13ACB8D9212C3C95000BDCD4 /* ViewController.m */,
				13ACB8DB212C3C95000BDCD4 /* Main.storyboard */,
				13ACB8DE212C3C98000BDCD4 /* Assets.xcassets */,
				13ACB8E0212C3C98000BDCD4 /* LaunchScreen.storyboard */,
				13ACB8E3212C3C98000BDCD4 /* Info.plist */,
				13ACB8E4212C3C98000BDCD4 /* main.m */,
			);
			path = TanTan;
			sourceTree = "<group>";
		};
		13ACB8ED212C3C98000BDCD4 /* TanTanTests */ = {
			isa = PBXGroup;
			children = (
				13ACB8EE212C3C98000BDCD4 /* TanTanTests.m */,
				13ACB8F0212C3C98000BDCD4 /* Info.plist */,
			);
			path = TanTanTests;
			sourceTree = "<group>";
		};
		13ACB8F8212C3C98000BDCD4 /* TanTanUITests */ = {
			isa = PBXGroup;
			children = (
				13ACB8F9212C3C98000BDCD4 /* TanTanUITests.m */,
				13ACB8FB212C3C98000BDCD4 /* Info.plist */,
			);
			path = TanTanUITests;
			sourceTree = "<group>";
		};
		13ACB907212C3C9E000BDCD4 /* Tools */ = {
			isa = PBXGroup;
			children = (
				13868C0C212CF61400A12249 /* imagescan */,
				13868C0B212CF61400A12249 /* JZLocationConverter.h */,
				13868C18212CF61400A12249 /* JZLocationConverter.m */,
				13868BE3212CF60A00A12249 /* LTSCalendar */,
				13868BF9212CF60A00A12249 /* Net */,
				13868BCE212CF5FD00A12249 /* QRCodeCreat */,
				13868BD1212CF5FD00A12249 /* QRCodeReaderViewController */,
				13868BCB212CF5F600A12249 /* UUSearchTextFeild.h */,
				13868BCC212CF5F600A12249 /* UUSearchTextFeild.m */,
				13868BB8212CF5EF00A12249 /* ShareWorkCheckTool.h */,
				13868BBF212CF5F000A12249 /* ShareWorkCheckTool.m */,
				13868BB6212CF5EF00A12249 /* ShareWorkPickerImageManage.h */,
				13868BB3212CF5EE00A12249 /* ShareWorkPickerImageManage.m */,
				13868BBD212CF5F000A12249 /* ShareWorkSelectLocationController.h */,
				13868BC0212CF5F000A12249 /* ShareWorkSelectLocationController.m */,
				13868BB4212CF5EE00A12249 /* ShareWorkUserProfile.h */,
				13868BBE212CF5F000A12249 /* ShareWorkUserProfile.m */,
				13868BBA212CF5EF00A12249 /* SPayDatePicker.h */,
				13868BB7212CF5EF00A12249 /* SPayDatePicker.m */,
				13868BC2212CF5F000A12249 /* SWAlertManager.h */,
				13868BC1212CF5F000A12249 /* SWAlertManager.m */,
				13868BB9212CF5EF00A12249 /* SWLocationManager.h */,
				13868BBB212CF5EF00A12249 /* SWLocationManager.m */,
				13868BB5212CF5EF00A12249 /* UIImage+ShareWork.h */,
				13868BBC212CF5EF00A12249 /* UIImage+ShareWork.m */,
				13ACB90E212C3EF4000BDCD4 /* UIView+Utils.h */,
				13ACB90D212C3EF4000BDCD4 /* UIView+Utils.m */,
				13ACB910212C3F24000BDCD4 /* TantanPrefixHeader.pch */,
			);
			path = Tools;
			sourceTree = "<group>";
		};
		13ACB908212C3CA6000BDCD4 /* Base */ = {
			isa = PBXGroup;
			children = (
				13868B99212CF5D100A12249 /* Controller */,
				13868B9E212CF5D200A12249 /* View */,
			);
			path = Base;
			sourceTree = "<group>";
		};
		13ACB909212C3CD9000BDCD4 /* Main */ = {
			isa = PBXGroup;
			children = (
				13ACB90C212C3EB6000BDCD4 /* UserInfoSetting */,
				13ACB90B212C3D7A000BDCD4 /* MatchFriends */,
				13ACB90A212C3D72000BDCD4 /* Setting */,
			);
			path = Main;
			sourceTree = "<group>";
		};
		13ACB90A212C3D72000BDCD4 /* Setting */ = {
			isa = PBXGroup;
			children = (
			);
			path = Setting;
			sourceTree = "<group>";
		};
		13ACB90B212C3D7A000BDCD4 /* MatchFriends */ = {
			isa = PBXGroup;
			children = (
			);
			path = MatchFriends;
			sourceTree = "<group>";
		};
		13ACB90C212C3EB6000BDCD4 /* UserInfoSetting */ = {
			isa = PBXGroup;
			children = (
			);
			path = UserInfoSetting;
			sourceTree = "<group>";
		};
		77746A1DE85612DF6D950AA7 /* Pods */ = {
			isa = PBXGroup;
			children = (
				0D1922EDF20D550CB4534406 /* Pods-TanTan.debug.xcconfig */,
				E315B40847FD7C03123E96D6 /* Pods-TanTan.release.xcconfig */,
			);
			name = Pods;
			sourceTree = "<group>";
		};
		EB6C1068CAB01A2847C9A19B /* Frameworks */ = {
			isa = PBXGroup;
			children = (
				6C0B895A2F694B938FEA74FE /* libPods-TanTan.a */,
			);
			name = Frameworks;
			sourceTree = "<group>";
		};
/* End PBXGroup section */

/* Begin PBXNativeTarget section */
		13ACB8D1212C3C95000BDCD4 /* TanTan */ = {
			isa = PBXNativeTarget;
			buildConfigurationList = 13ACB8FE212C3C98000BDCD4 /* Build configuration list for PBXNativeTarget "TanTan" */;
			buildPhases = (
				DF5B1A63BC9632AAC1E086E2 /* [CP] Check Pods Manifest.lock */,
				13ACB8CE212C3C95000BDCD4 /* Sources */,
				13ACB8CF212C3C95000BDCD4 /* Frameworks */,
				13ACB8D0212C3C95000BDCD4 /* Resources */,
				9F924EAF71BB3B4F1F551819 /* [CP] Copy Pods Resources */,
			);
			buildRules = (
			);
			dependencies = (
			);
			name = TanTan;
			productName = TanTan;
			productReference = 13ACB8D2212C3C95000BDCD4 /* TanTan.app */;
			productType = "com.apple.product-type.application";
		};
		13ACB8E9212C3C98000BDCD4 /* TanTanTests */ = {
			isa = PBXNativeTarget;
			buildConfigurationList = 13ACB901212C3C98000BDCD4 /* Build configuration list for PBXNativeTarget "TanTanTests" */;
			buildPhases = (
				13ACB8E6212C3C98000BDCD4 /* Sources */,
				13ACB8E7212C3C98000BDCD4 /* Frameworks */,
				13ACB8E8212C3C98000BDCD4 /* Resources */,
			);
			buildRules = (
			);
			dependencies = (
				13ACB8EC212C3C98000BDCD4 /* PBXTargetDependency */,
			);
			name = TanTanTests;
			productName = TanTanTests;
			productReference = 13ACB8EA212C3C98000BDCD4 /* TanTanTests.xctest */;
			productType = "com.apple.product-type.bundle.unit-test";
		};
		13ACB8F4212C3C98000BDCD4 /* TanTanUITests */ = {
			isa = PBXNativeTarget;
			buildConfigurationList = 13ACB904212C3C98000BDCD4 /* Build configuration list for PBXNativeTarget "TanTanUITests" */;
			buildPhases = (
				13ACB8F1212C3C98000BDCD4 /* Sources */,
				13ACB8F2212C3C98000BDCD4 /* Frameworks */,
				13ACB8F3212C3C98000BDCD4 /* Resources */,
			);
			buildRules = (
			);
			dependencies = (
				13ACB8F7212C3C98000BDCD4 /* PBXTargetDependency */,
			);
			name = TanTanUITests;
			productName = TanTanUITests;
			productReference = 13ACB8F5212C3C98000BDCD4 /* TanTanUITests.xctest */;
			productType = "com.apple.product-type.bundle.ui-testing";
		};
/* End PBXNativeTarget section */

/* Begin PBXProject section */
		13ACB8CA212C3C95000BDCD4 /* Project object */ = {
			isa = PBXProject;
			attributes = {
				CLASSPREFIX = TTShell;
				LastUpgradeCheck = 0940;
				ORGANIZATIONNAME = "炫小七";
				TargetAttributes = {
					13ACB8D1212C3C95000BDCD4 = {
						CreatedOnToolsVersion = 9.4;
					};
					13ACB8E9212C3C98000BDCD4 = {
						CreatedOnToolsVersion = 9.4;
						TestTargetID = 13ACB8D1212C3C95000BDCD4;
					};
					13ACB8F4212C3C98000BDCD4 = {
						CreatedOnToolsVersion = 9.4;
						TestTargetID = 13ACB8D1212C3C95000BDCD4;
					};
				};
			};
			buildConfigurationList = 13ACB8CD212C3C95000BDCD4 /* Build configuration list for PBXProject "TanTan" */;
			compatibilityVersion = "Xcode 9.3";
			developmentRegion = en;
			hasScannedForEncodings = 0;
			knownRegions = (
				en,
				Base,
			);
			mainGroup = 13ACB8C9212C3C95000BDCD4;
			productRefGroup = 13ACB8D3212C3C95000BDCD4 /* Products */;
			projectDirPath = "";
			projectRoot = "";
			targets = (
				13ACB8D1212C3C95000BDCD4 /* TanTan */,
				13ACB8E9212C3C98000BDCD4 /* TanTanTests */,
				13ACB8F4212C3C98000BDCD4 /* TanTanUITests */,
			);
		};
/* End PBXProject section */

/* Begin PBXResourcesBuildPhase section */
		13ACB8D0212C3C95000BDCD4 /* Resources */ = {
			isa = PBXResourcesBuildPhase;
			buildActionMask = 2147483647;
			files = (
				13ACB8E2212C3C98000BDCD4 /* LaunchScreen.storyboard in Resources */,
				13ACB8DF212C3C98000BDCD4 /* Assets.xcassets in Resources */,
				13ACB8DD212C3C95000BDCD4 /* Main.storyboard in Resources */,
				13868BAD212CF5D200A12249 /* ShareWorkPickerView.xib in Resources */,
			);
			runOnlyForDeploymentPostprocessing = 0;
		};
		13ACB8E8212C3C98000BDCD4 /* Resources */ = {
			isa = PBXResourcesBuildPhase;
			buildActionMask = 2147483647;
			files = (
			);
			runOnlyForDeploymentPostprocessing = 0;
		};
		13ACB8F3212C3C98000BDCD4 /* Resources */ = {
			isa = PBXResourcesBuildPhase;
			buildActionMask = 2147483647;
			files = (
			);
			runOnlyForDeploymentPostprocessing = 0;
		};
/* End PBXResourcesBuildPhase section */

/* Begin PBXShellScriptBuildPhase section */
		9F924EAF71BB3B4F1F551819 /* [CP] Copy Pods Resources */ = {
			isa = PBXShellScriptBuildPhase;
			buildActionMask = 2147483647;
			files = (
			);
			inputPaths = (
				"${SRCROOT}/Pods/Target Support Files/Pods-TanTan/Pods-TanTan-resources.sh",
				"${PODS_ROOT}/BaiduMapKit/BaiduMapKit/BaiduMapAPI_Map.framework/Resources/mapapi.bundle",
				"${PODS_ROOT}/IQKeyboardManager/IQKeyboardManager/Resources/IQKeyboardManager.bundle",
				"${PODS_ROOT}/MJRefresh/MJRefresh/MJRefresh.bundle",
				"${PODS_ROOT}/PGDatePicker/PGDatePicker/PGDatePicker.bundle",
				"${PODS_ROOT}/SVProgressHUD/SVProgressHUD/SVProgressHUD.bundle",
				"${PODS_ROOT}/TZImagePickerController/TZImagePickerController/TZImagePickerController/TZImagePickerController.bundle",
			);
			name = "[CP] Copy Pods Resources";
			outputPaths = (
				"${TARGET_BUILD_DIR}/${UNLOCALIZED_RESOURCES_FOLDER_PATH}/mapapi.bundle",
				"${TARGET_BUILD_DIR}/${UNLOCALIZED_RESOURCES_FOLDER_PATH}/IQKeyboardManager.bundle",
				"${TARGET_BUILD_DIR}/${UNLOCALIZED_RESOURCES_FOLDER_PATH}/MJRefresh.bundle",
				"${TARGET_BUILD_DIR}/${UNLOCALIZED_RESOURCES_FOLDER_PATH}/PGDatePicker.bundle",
				"${TARGET_BUILD_DIR}/${UNLOCALIZED_RESOURCES_FOLDER_PATH}/SVProgressHUD.bundle",
				"${TARGET_BUILD_DIR}/${UNLOCALIZED_RESOURCES_FOLDER_PATH}/TZImagePickerController.bundle",
			);
			runOnlyForDeploymentPostprocessing = 0;
			shellPath = /bin/sh;
			shellScript = "\"${SRCROOT}/Pods/Target Support Files/Pods-TanTan/Pods-TanTan-resources.sh\"\n";
			showEnvVarsInLog = 0;
		};
		DF5B1A63BC9632AAC1E086E2 /* [CP] Check Pods Manifest.lock */ = {
			isa = PBXShellScriptBuildPhase;
			buildActionMask = 2147483647;
			files = (
			);
			inputPaths = (
				"${PODS_PODFILE_DIR_PATH}/Podfile.lock",
				"${PODS_ROOT}/Manifest.lock",
			);
			name = "[CP] Check Pods Manifest.lock";
			outputPaths = (
				"$(DERIVED_FILE_DIR)/Pods-TanTan-checkManifestLockResult.txt",
			);
			runOnlyForDeploymentPostprocessing = 0;
			shellPath = /bin/sh;
			shellScript = "diff \"${PODS_PODFILE_DIR_PATH}/Podfile.lock\" \"${PODS_ROOT}/Manifest.lock\" > /dev/null\nif [ $? != 0 ] ; then\n    # print error to STDERR\n    echo \"error: The sandbox is not in sync with the Podfile.lock. Run 'pod install' or update your CocoaPods installation.\" >&2\n    exit 1\nfi\n# This output is used by Xcode 'outputs' to avoid re-running this script phase.\necho \"SUCCESS\" > \"${SCRIPT_OUTPUT_FILE_0}\"\n";
			showEnvVarsInLog = 0;
		};
/* End PBXShellScriptBuildPhase section */

/* Begin PBXSourcesBuildPhase section */
		13ACB8CE212C3C95000BDCD4 /* Sources */ = {
			isa = PBXSourcesBuildPhase;
			buildActionMask = 2147483647;
			files = (
				13868BDF212CF5FD00A12249 /* QRCameraSwitchButton.m in Sources */,
				13868BCA212CF5F000A12249 /* SWAlertManager.m in Sources */,
				13868C04212CF60A00A12249 /* LTSCalendarViewController.m in Sources */,
				13868C0A212CF60A00A12249 /* SWNetManager.m in Sources */,
				13868BDE212CF5FD00A12249 /* QRToggleTorchButton.m in Sources */,
				13868BFF212CF60A00A12249 /* LTSCalendarDayItem.m in Sources */,
				13868BDD212CF5FD00A12249 /* SWQRCodeCreatManager.m in Sources */,
				13868BAC212CF5D200A12249 /* ShareWorkBaseTableController.m in Sources */,
				13868C1A212CF61500A12249 /* LLImageCache.m in Sources */,
				13868BB0212CF5D200A12249 /* ShareWork4DLabel.m in Sources */,
				13868BC8212CF5F000A12249 /* ShareWorkCheckTool.m in Sources */,
				13868C06212CF60A00A12249 /* LTSCalendarScrollView.m in Sources */,
				13868BE0212CF5FD00A12249 /* QRCodeReaderViewController.m in Sources */,
				13868BAE212CF5D200A12249 /* ShareWorkSelectManager.m in Sources */,
				13ACB8DA212C3C95000BDCD4 /* ViewController.m in Sources */,
				13868BC9212CF5F000A12249 /* ShareWorkSelectLocationController.m in Sources */,
				13ACB8E5212C3C98000BDCD4 /* main.m in Sources */,
				13ACB90F212C3EF4000BDCD4 /* UIView+Utils.m in Sources */,
				13ACB8D7212C3C95000BDCD4 /* AppDelegate.m in Sources */,
				13868BC7212CF5F000A12249 /* ShareWorkUserProfile.m in Sources */,
				13868C07212CF60A00A12249 /* LTSCalendarCollectionViewFlowLayout.m in Sources */,
				13868BCD212CF5F600A12249 /* UUSearchTextFeild.m in Sources */,
				13868BC3212CF5F000A12249 /* ShareWorkPickerImageManage.m in Sources */,
				13868BC5212CF5F000A12249 /* SWLocationManager.m in Sources */,
				13868BB2212CF5D200A12249 /* ShareWorkCustomEmptyView.m in Sources */,
				13868C19212CF61500A12249 /* LLPhotoBrowser.m in Sources */,
				13868BB1212CF5D200A12249 /* ShareWorkBaseTableView.m in Sources */,
				13868BAB212CF5D200A12249 /* ShareWorkBaseViewController.m in Sources */,
				13868C1C212CF61500A12249 /* LLPhoto.m in Sources */,
				13868C1E212CF61500A12249 /* JZLocationConverter.m in Sources */,
				13868C03212CF60A00A12249 /* LTSCalendarContentView.m in Sources */,
				13868C05212CF60A00A12249 /* LTSCalendarCollectionCell.m in Sources */,
				13868C01212CF60A00A12249 /* LTSCircleView.m in Sources */,
				13868C02212CF60A00A12249 /* LTSCalendarAppearance.m in Sources */,
				13868C08212CF60A00A12249 /* LTSCalendarWeekDayView.m in Sources */,
				13868C1D212CF61500A12249 /* LLCollectionViewCell.m in Sources */,
				13868BC4212CF5F000A12249 /* SPayDatePicker.m in Sources */,
				13868BE2212CF5FD00A12249 /* QRCodeReader.m in Sources */,
				13868C1B212CF61500A12249 /* LLFileManager.m in Sources */,
				13868BE1212CF5FD00A12249 /* QRCodeReaderView.m in Sources */,
				13868BAF212CF5D200A12249 /* ShareWorkPickerView.m in Sources */,
				13868C09212CF60A00A12249 /* SWNetError.m in Sources */,
				13868BC6212CF5F000A12249 /* UIImage+ShareWork.m in Sources */,
				13868C00212CF60A00A12249 /* LTSCalendarManager.m in Sources */,
			);
			runOnlyForDeploymentPostprocessing = 0;
		};
		13ACB8E6212C3C98000BDCD4 /* Sources */ = {
			isa = PBXSourcesBuildPhase;
			buildActionMask = 2147483647;
			files = (
				13ACB8EF212C3C98000BDCD4 /* TanTanTests.m in Sources */,
			);
			runOnlyForDeploymentPostprocessing = 0;
		};
		13ACB8F1212C3C98000BDCD4 /* Sources */ = {
			isa = PBXSourcesBuildPhase;
			buildActionMask = 2147483647;
			files = (
				13ACB8FA212C3C98000BDCD4 /* TanTanUITests.m in Sources */,
			);
			runOnlyForDeploymentPostprocessing = 0;
		};
/* End PBXSourcesBuildPhase section */

/* Begin PBXTargetDependency section */
		13ACB8EC212C3C98000BDCD4 /* PBXTargetDependency */ = {
			isa = PBXTargetDependency;
			target = 13ACB8D1212C3C95000BDCD4 /* TanTan */;
			targetProxy = 13ACB8EB212C3C98000BDCD4 /* PBXContainerItemProxy */;
		};
		13ACB8F7212C3C98000BDCD4 /* PBXTargetDependency */ = {
			isa = PBXTargetDependency;
			target = 13ACB8D1212C3C95000BDCD4 /* TanTan */;
			targetProxy = 13ACB8F6212C3C98000BDCD4 /* PBXContainerItemProxy */;
		};
/* End PBXTargetDependency section */

/* Begin PBXVariantGroup section */
		13ACB8DB212C3C95000BDCD4 /* Main.storyboard */ = {
			isa = PBXVariantGroup;
			children = (
				13ACB8DC212C3C95000BDCD4 /* Base */,
			);
			name = Main.storyboard;
			sourceTree = "<group>";
		};
		13ACB8E0212C3C98000BDCD4 /* LaunchScreen.storyboard */ = {
			isa = PBXVariantGroup;
			children = (
				13ACB8E1212C3C98000BDCD4 /* Base */,
			);
			name = LaunchScreen.storyboard;
			sourceTree = "<group>";
		};
/* End PBXVariantGroup section */

/* Begin XCBuildConfiguration section */
		13ACB8FC212C3C98000BDCD4 /* Debug */ = {
			isa = XCBuildConfiguration;
			buildSettings = {
				ALWAYS_SEARCH_USER_PATHS = NO;
				CLANG_ANALYZER_NONNULL = YES;
				CLANG_ANALYZER_NUMBER_OBJECT_CONVERSION = YES_AGGRESSIVE;
				CLANG_CXX_LANGUAGE_STANDARD = "gnu++14";
				CLANG_CXX_LIBRARY = "libc++";
				CLANG_ENABLE_MODULES = YES;
				CLANG_ENABLE_OBJC_ARC = YES;
				CLANG_ENABLE_OBJC_WEAK = YES;
				CLANG_WARN_BLOCK_CAPTURE_AUTORELEASING = YES;
				CLANG_WARN_BOOL_CONVERSION = YES;
				CLANG_WARN_COMMA = YES;
				CLANG_WARN_CONSTANT_CONVERSION = YES;
				CLANG_WARN_DEPRECATED_OBJC_IMPLEMENTATIONS = YES;
				CLANG_WARN_DIRECT_OBJC_ISA_USAGE = YES_ERROR;
				CLANG_WARN_DOCUMENTATION_COMMENTS = YES;
				CLANG_WARN_EMPTY_BODY = YES;
				CLANG_WARN_ENUM_CONVERSION = YES;
				CLANG_WARN_INFINITE_RECURSION = YES;
				CLANG_WARN_INT_CONVERSION = YES;
				CLANG_WARN_NON_LITERAL_NULL_CONVERSION = YES;
				CLANG_WARN_OBJC_IMPLICIT_RETAIN_SELF = YES;
				CLANG_WARN_OBJC_LITERAL_CONVERSION = YES;
				CLANG_WARN_OBJC_ROOT_CLASS = YES_ERROR;
				CLANG_WARN_RANGE_LOOP_ANALYSIS = YES;
				CLANG_WARN_STRICT_PROTOTYPES = YES;
				CLANG_WARN_SUSPICIOUS_MOVE = YES;
				CLANG_WARN_UNGUARDED_AVAILABILITY = YES_AGGRESSIVE;
				CLANG_WARN_UNREACHABLE_CODE = YES;
				CLANG_WARN__DUPLICATE_METHOD_MATCH = YES;
				CODE_SIGN_IDENTITY = "iPhone Developer";
				COPY_PHASE_STRIP = NO;
				DEBUG_INFORMATION_FORMAT = dwarf;
				ENABLE_STRICT_OBJC_MSGSEND = YES;
				ENABLE_TESTABILITY = YES;
				GCC_C_LANGUAGE_STANDARD = gnu11;
				GCC_DYNAMIC_NO_PIC = NO;
				GCC_NO_COMMON_BLOCKS = YES;
				GCC_OPTIMIZATION_LEVEL = 0;
				GCC_PREPROCESSOR_DEFINITIONS = (
					"DEBUG=1",
					"$(inherited)",
				);
				GCC_WARN_64_TO_32_BIT_CONVERSION = YES;
				GCC_WARN_ABOUT_RETURN_TYPE = YES_ERROR;
				GCC_WARN_UNDECLARED_SELECTOR = YES;
				GCC_WARN_UNINITIALIZED_AUTOS = YES_AGGRESSIVE;
				GCC_WARN_UNUSED_FUNCTION = YES;
				GCC_WARN_UNUSED_VARIABLE = YES;
				IPHONEOS_DEPLOYMENT_TARGET = 11.4;
				MTL_ENABLE_DEBUG_INFO = YES;
				ONLY_ACTIVE_ARCH = YES;
				SDKROOT = iphoneos;
			};
			name = Debug;
		};
		13ACB8FD212C3C98000BDCD4 /* Release */ = {
			isa = XCBuildConfiguration;
			buildSettings = {
				ALWAYS_SEARCH_USER_PATHS = NO;
				CLANG_ANALYZER_NONNULL = YES;
				CLANG_ANALYZER_NUMBER_OBJECT_CONVERSION = YES_AGGRESSIVE;
				CLANG_CXX_LANGUAGE_STANDARD = "gnu++14";
				CLANG_CXX_LIBRARY = "libc++";
				CLANG_ENABLE_MODULES = YES;
				CLANG_ENABLE_OBJC_ARC = YES;
				CLANG_ENABLE_OBJC_WEAK = YES;
				CLANG_WARN_BLOCK_CAPTURE_AUTORELEASING = YES;
				CLANG_WARN_BOOL_CONVERSION = YES;
				CLANG_WARN_COMMA = YES;
				CLANG_WARN_CONSTANT_CONVERSION = YES;
				CLANG_WARN_DEPRECATED_OBJC_IMPLEMENTATIONS = YES;
				CLANG_WARN_DIRECT_OBJC_ISA_USAGE = YES_ERROR;
				CLANG_WARN_DOCUMENTATION_COMMENTS = YES;
				CLANG_WARN_EMPTY_BODY = YES;
				CLANG_WARN_ENUM_CONVERSION = YES;
				CLANG_WARN_INFINITE_RECURSION = YES;
				CLANG_WARN_INT_CONVERSION = YES;
				CLANG_WARN_NON_LITERAL_NULL_CONVERSION = YES;
				CLANG_WARN_OBJC_IMPLICIT_RETAIN_SELF = YES;
				CLANG_WARN_OBJC_LITERAL_CONVERSION = YES;
				CLANG_WARN_OBJC_ROOT_CLASS = YES_ERROR;
				CLANG_WARN_RANGE_LOOP_ANALYSIS = YES;
				CLANG_WARN_STRICT_PROTOTYPES = YES;
				CLANG_WARN_SUSPICIOUS_MOVE = YES;
				CLANG_WARN_UNGUARDED_AVAILABILITY = YES_AGGRESSIVE;
				CLANG_WARN_UNREACHABLE_CODE = YES;
				CLANG_WARN__DUPLICATE_METHOD_MATCH = YES;
				CODE_SIGN_IDENTITY = "iPhone Developer";
				COPY_PHASE_STRIP = NO;
				DEBUG_INFORMATION_FORMAT = "dwarf-with-dsym";
				ENABLE_NS_ASSERTIONS = NO;
				ENABLE_STRICT_OBJC_MSGSEND = YES;
				GCC_C_LANGUAGE_STANDARD = gnu11;
				GCC_NO_COMMON_BLOCKS = YES;
				GCC_WARN_64_TO_32_BIT_CONVERSION = YES;
				GCC_WARN_ABOUT_RETURN_TYPE = YES_ERROR;
				GCC_WARN_UNDECLARED_SELECTOR = YES;
				GCC_WARN_UNINITIALIZED_AUTOS = YES_AGGRESSIVE;
				GCC_WARN_UNUSED_FUNCTION = YES;
				GCC_WARN_UNUSED_VARIABLE = YES;
				IPHONEOS_DEPLOYMENT_TARGET = 11.4;
				MTL_ENABLE_DEBUG_INFO = NO;
				SDKROOT = iphoneos;
				VALIDATE_PRODUCT = YES;
			};
			name = Release;
		};
		13ACB8FF212C3C98000BDCD4 /* Debug */ = {
			isa = XCBuildConfiguration;
			baseConfigurationReference = 0D1922EDF20D550CB4534406 /* Pods-TanTan.debug.xcconfig */;
			buildSettings = {
				ASSETCATALOG_COMPILER_APPICON_NAME = AppIcon;
				CODE_SIGN_STYLE = Automatic;
				DEVELOPMENT_TEAM = 9P29Z5MRTN;
				GCC_PREFIX_HEADER = "/Users/xuanxiaoqi/Desktop/实战Demo/TanTan/TanTan/TanTan/Tools/TantanPrefixHeader.pch";
				INFOPLIST_FILE = TanTan/Info.plist;
				LD_RUNPATH_SEARCH_PATHS = (
					"$(inherited)",
					"@executable_path/Frameworks",
				);
				PRODUCT_BUNDLE_IDENTIFIER = com.ngkj.TanTan;
				PRODUCT_NAME = "$(TARGET_NAME)";
				TARGETED_DEVICE_FAMILY = "1,2";
			};
			name = Debug;
		};
		13ACB900212C3C98000BDCD4 /* Release */ = {
			isa = XCBuildConfiguration;
			baseConfigurationReference = E315B40847FD7C03123E96D6 /* Pods-TanTan.release.xcconfig */;
			buildSettings = {
				ASSETCATALOG_COMPILER_APPICON_NAME = AppIcon;
				CODE_SIGN_STYLE = Automatic;
				DEVELOPMENT_TEAM = 9P29Z5MRTN;
				GCC_PREFIX_HEADER = "/Users/xuanxiaoqi/Desktop/实战Demo/TanTan/TanTan/TanTan/Tools/TantanPrefixHeader.pch";
				INFOPLIST_FILE = TanTan/Info.plist;
				LD_RUNPATH_SEARCH_PATHS = (
					"$(inherited)",
					"@executable_path/Frameworks",
				);
				PRODUCT_BUNDLE_IDENTIFIER = com.ngkj.TanTan;
				PRODUCT_NAME = "$(TARGET_NAME)";
				TARGETED_DEVICE_FAMILY = "1,2";
			};
			name = Release;
		};
		13ACB902212C3C98000BDCD4 /* Debug */ = {
			isa = XCBuildConfiguration;
			buildSettings = {
				BUNDLE_LOADER = "$(TEST_HOST)";
				CODE_SIGN_STYLE = Automatic;
				DEVELOPMENT_TEAM = 9P29Z5MRTN;
				INFOPLIST_FILE = TanTanTests/Info.plist;
				LD_RUNPATH_SEARCH_PATHS = (
					"$(inherited)",
					"@executable_path/Frameworks",
					"@loader_path/Frameworks",
				);
				PRODUCT_BUNDLE_IDENTIFIER = com.ngkj.TanTanTests;
				PRODUCT_NAME = "$(TARGET_NAME)";
				TARGETED_DEVICE_FAMILY = "1,2";
				TEST_HOST = "$(BUILT_PRODUCTS_DIR)/TanTan.app/TanTan";
			};
			name = Debug;
		};
		13ACB903212C3C98000BDCD4 /* Release */ = {
			isa = XCBuildConfiguration;
			buildSettings = {
				BUNDLE_LOADER = "$(TEST_HOST)";
				CODE_SIGN_STYLE = Automatic;
				DEVELOPMENT_TEAM = 9P29Z5MRTN;
				INFOPLIST_FILE = TanTanTests/Info.plist;
				LD_RUNPATH_SEARCH_PATHS = (
					"$(inherited)",
					"@executable_path/Frameworks",
					"@loader_path/Frameworks",
				);
				PRODUCT_BUNDLE_IDENTIFIER = com.ngkj.TanTanTests;
				PRODUCT_NAME = "$(TARGET_NAME)";
				TARGETED_DEVICE_FAMILY = "1,2";
				TEST_HOST = "$(BUILT_PRODUCTS_DIR)/TanTan.app/TanTan";
			};
			name = Release;
		};
		13ACB905212C3C98000BDCD4 /* Debug */ = {
			isa = XCBuildConfiguration;
			buildSettings = {
				CODE_SIGN_STYLE = Automatic;
				DEVELOPMENT_TEAM = 9P29Z5MRTN;
				INFOPLIST_FILE = TanTanUITests/Info.plist;
				LD_RUNPATH_SEARCH_PATHS = (
					"$(inherited)",
					"@executable_path/Frameworks",
					"@loader_path/Frameworks",
				);
				PRODUCT_BUNDLE_IDENTIFIER = com.ngkj.TanTanUITests;
				PRODUCT_NAME = "$(TARGET_NAME)";
				TARGETED_DEVICE_FAMILY = "1,2";
				TEST_TARGET_NAME = TanTan;
			};
			name = Debug;
		};
		13ACB906212C3C98000BDCD4 /* Release */ = {
			isa = XCBuildConfiguration;
			buildSettings = {
				CODE_SIGN_STYLE = Automatic;
				DEVELOPMENT_TEAM = 9P29Z5MRTN;
				INFOPLIST_FILE = TanTanUITests/Info.plist;
				LD_RUNPATH_SEARCH_PATHS = (
					"$(inherited)",
					"@executable_path/Frameworks",
					"@loader_path/Frameworks",
				);
				PRODUCT_BUNDLE_IDENTIFIER = com.ngkj.TanTanUITests;
				PRODUCT_NAME = "$(TARGET_NAME)";
				TARGETED_DEVICE_FAMILY = "1,2";
				TEST_TARGET_NAME = TanTan;
			};
			name = Release;
		};
/* End XCBuildConfiguration section */

/* Begin XCConfigurationList section */
		13ACB8CD212C3C95000BDCD4 /* Build configuration list for PBXProject "TanTan" */ = {
			isa = XCConfigurationList;
			buildConfigurations = (
				13ACB8FC212C3C98000BDCD4 /* Debug */,
				13ACB8FD212C3C98000BDCD4 /* Release */,
			);
			defaultConfigurationIsVisible = 0;
			defaultConfigurationName = Release;
		};
		13ACB8FE212C3C98000BDCD4 /* Build configuration list for PBXNativeTarget "TanTan" */ = {
			isa = XCConfigurationList;
			buildConfigurations = (
				13ACB8FF212C3C98000BDCD4 /* Debug */,
				13ACB900212C3C98000BDCD4 /* Release */,
			);
			defaultConfigurationIsVisible = 0;
			defaultConfigurationName = Release;
		};
		13ACB901212C3C98000BDCD4 /* Build configuration list for PBXNativeTarget "TanTanTests" */ = {
			isa = XCConfigurationList;
			buildConfigurations = (
				13ACB902212C3C98000BDCD4 /* Debug */,
				13ACB903212C3C98000BDCD4 /* Release */,
			);
			defaultConfigurationIsVisible = 0;
			defaultConfigurationName = Release;
		};
		13ACB904212C3C98000BDCD4 /* Build configuration list for PBXNativeTarget "TanTanUITests" */ = {
			isa = XCConfigurationList;
			buildConfigurations = (
				13ACB905212C3C98000BDCD4 /* Debug */,
				13ACB906212C3C98000BDCD4 /* Release */,
			);
			defaultConfigurationIsVisible = 0;
			defaultConfigurationName = Release;
		};
/* End XCConfigurationList section */
	};
	rootObject = 13ACB8CA212C3C95000BDCD4 /* Project object */;
}
